
Microsoft Visual Studio Solution File, Format Version 12.00
# Visual Studio Version 16
VisualStudioVersion = 16.0.31829.152
MinimumVisualStudioVersion = 10.0.40219.1
Project("{FAE04EC0-301F-11D3-BF4B-00C04F79EFBC}") = "WPF1", "WPF1\WPF1.csproj", "{660FC210-68B5-476E-A8B0-0507B3E35371}"
EndProject
Global
	GlobalSection(SolutionConfigurationPlatforms) = preSolution
		Debug|Any CPU = Debug|Any CPU
		Release|Any CPU = Release|Any CPU
	EndGlobalSection
	GlobalSection(ProjectConfigurationPlatforms) = postSolution
		{660FC210-68B5-476E-A8B0-0507B3E35371}.Debug|Any CPU.ActiveCfg = Debug|Any CPU
		{660FC210-68B5-476E-A8B0-0507B3E35371}.Debug|Any CPU.Build.0 = Debug|Any CPU
		{660FC210-68B5-476E-A8B0-0507B3E35371}.Release|Any CPU.ActiveCfg = Release|Any CPU
		{660FC210-68B5-476E-A8B0-0507B3E35371}.Release|Any CPU.Build.0 = Release|Any CPU
	EndGlobalSection
	GlobalSection(SolutionProperties) = preSolution
		HideSolutionNode = FALSE
	EndGlobalSection
	GlobalSection(ExtensibilityGlobals) = postSolution
		SolutionGuid = {DE007A7F-D38F-4CE5-9A03-7BC70A22135C}
	EndGlobalSection
EndGlobal
